// !$*UTF8*$!
{
	archiveVersion = 1;
	classes = {
	};
	objectVersion = 56;
	objects = {

/* Begin PBXBuildFile section */
		375F888E2C5E9BB400E2089D /* WeldEngineerApp.swift in Sources */ = {isa = PBXBuildFile; fileRef = 375F888D2C5E9BB400E2089D /* WeldEngineerApp.swift */; };
		375F88902C5E9BB400E2089D /* ContentView.swift in Sources */ = {isa = PBXBuildFile; fileRef = 375F888F2C5E9BB400E2089D /* ContentView.swift */; };
		375F88922C5E9BB500E2089D /* Assets.xcassets in Resources */ = {isa = PBXBuildFile; fileRef = 375F88912C5E9BB500E2089D /* Assets.xcassets */; };
		375F88962C5E9BB500E2089D /* Preview Assets.xcassets in Resources */ = {isa = PBXBuildFile; fileRef = 375F88952C5E9BB500E2089D /* Preview Assets.xcassets */; };
		375F88A02C5E9BB500E2089D /* WeldEngineerTests.swift in Sources */ = {isa = PBXBuildFile; fileRef = 375F889F2C5E9BB500E2089D /* WeldEngineerTests.swift */; };
		375F88AA2C5E9BB500E2089D /* WeldEngineerUITests.swift in Sources */ = {isa = PBXBuildFile; fileRef = 375F88A92C5E9BB500E2089D /* WeldEngineerUITests.swift */; };
		375F88AC2C5E9BB500E2089D /* WeldEngineerUITestsLaunchTests.swift in Sources */ = {isa = PBXBuildFile; fileRef = 375F88AB2C5E9BB500E2089D /* WeldEngineerUITestsLaunchTests.swift */; };
/* End PBXBuildFile section */

/* Begin PBXContainerItemProxy section */
		375F889C2C5E9BB500E2089D /* PBXContainerItemProxy */ = {
			isa = PBXContainerItemProxy;
			containerPortal = 375F88822C5E9BB400E2089D /* Project object */;
			proxyType = 1;
			remoteGlobalIDString = 375F88892C5E9BB400E2089D;
			remoteInfo = WeldEngineer;
		};
		375F88A62C5E9BB500E2089D /* PBXContainerItemProxy */ = {
			isa = PBXContainerItemProxy;
			containerPortal = 375F88822C5E9BB400E2089D /* Project object */;
			proxyType = 1;
			remoteGlobalIDString = 375F88892C5E9BB400E2089D;
			remoteInfo = WeldEngineer;
		};
/* End PBXContainerItemProxy section */

/* Begin PBXFileReference section */
		375F888A2C5E9BB400E2089D /* WeldEngineer.app */ = {isa = PBXFileReference; explicitFileType = wrapper.application; includeInIndex = 0; path = WeldEngineer.app; sourceTree = BUILT_PRODUCTS_DIR; };
		375F888D2C5E9BB400E2089D /* WeldEngineerApp.swift */ = {isa = PBXFileReference; lastKnownFileType = sourcecode.swift; path = WeldEngineerApp.swift; sourceTree = "<group>"; };
		375F888F2C5E9BB400E2089D /* ContentView.swift */ = {isa = PBXFileReference; lastKnownFileType = sourcecode.swift; path = ContentView.swift; sourceTree = "<group>"; };
		375F88912C5E9BB500E2089D /* Assets.xcassets */ = {isa = PBXFileReference; lastKnownFileType = folder.assetcatalog; path = Assets.xcassets; sourceTree = "<group>"; };
		375F88932C5E9BB500E2089D /* WeldEngineer.entitlements */ = {isa = PBXFileReference; lastKnownFileType = text.plist.entitlements; path = WeldEngineer.entitlements; sourceTree = "<group>"; };
		375F88952C5E9BB500E2089D /* Preview Assets.xcassets */ = {isa = PBXFileReference; lastKnownFileType = folder.assetcatalog; path = "Preview Assets.xcassets"; sourceTree = "<group>"; };
		375F889B2C5E9BB500E2089D /* WeldEngineerTests.xctest */ = {isa = PBXFileReference; explicitFileType = wrapper.cfbundle; includeInIndex = 0; path = WeldEngineerTests.xctest; sourceTree = BUILT_PRODUCTS_DIR; };
		375F889F2C5E9BB500E2089D /* WeldEngineerTests.swift */ = {isa = PBXFileReference; lastKnownFileType = sourcecode.swift; path = WeldEngineerTests.swift; sourceTree = "<group>"; };
		375F88A52C5E9BB500E2089D /* WeldEngineerUITests.xctest */ = {isa = PBXFileReference; explicitFileType = wrapper.cfbundle; includeInIndex = 0; path = WeldEngineerUITests.xctest; sourceTree = BUILT_PRODUCTS_DIR; };
		375F88A92C5E9BB500E2089D /* WeldEngineerUITests.swift */ = {isa = PBXFileReference; lastKnownFileType = sourcecode.swift; path = WeldEngineerUITests.swift; sourceTree = "<group>"; };
		375F88AB2C5E9BB500E2089D /* WeldEngineerUITestsLaunchTests.swift */ = {isa = PBXFileReference; lastKnownFileType = sourcecode.swift; path = WeldEngineerUITestsLaunchTests.swift; sourceTree = "<group>"; };
/* End PBXFileReference section */

/* Begin PBXFrameworksBuildPhase section */
		375F88872C5E9BB400E2089D /* Frameworks */ = {
			isa = PBXFrameworksBuildPhase;
			buildActionMask = 2147483647;
			files = (
			);
			runOnlyForDeploymentPostprocessing = 0;
		};
		375F88982C5E9BB500E2089D /* Frameworks */ = {
			isa = PBXFrameworksBuildPhase;
			buildActionMask = 2147483647;
			files = (
			);
			runOnlyForDeploymentPostprocessing = 0;
		};
		375F88A22C5E9BB500E2089D /* Frameworks */ = {
			isa = PBXFrameworksBuildPhase;
			buildActionMask = 2147483647;
			files = (
			);
			runOnlyForDeploymentPostprocessing = 0;
		};
/* End PBXFrameworksBuildPhase section */

/* Begin PBXGroup section */
		375F88812C5E9BB400E2089D = {
			isa = PBXGroup;
			children = (
				375F888C2C5E9BB400E2089D /* WeldEngineer */,
				375F889E2C5E9BB500E2089D /* WeldEngineerTests */,
				375F88A82C5E9BB500E2089D /* WeldEngineerUITests */,
				375F888B2C5E9BB400E2089D /* Products */,
			);
			sourceTree = "<group>";
		};
		375F888B2C5E9BB400E2089D /* Products */ = {
			isa = PBXGroup;
			children = (
				375F888A2C5E9BB400E2089D /* WeldEngineer.app */,
				375F889B2C5E9BB500E2089D /* WeldEngineerTests.xctest */,
				375F88A52C5E9BB500E2089D /* WeldEngineerUITests.xctest */,
			);
			name = Products;
			sourceTree = "<group>";
		};
		375F888C2C5E9BB400E2089D /* WeldEngineer */ = {
			isa = PBXGroup;
			children = (
				375F888D2C5E9BB400E2089D /* WeldEngineerApp.swift */,
				375F888F2C5E9BB400E2089D /* ContentView.swift */,
				375F88912C5E9BB500E2089D /* Assets.xcassets */,
				375F88932C5E9BB500E2089D /* WeldEngineer.entitlements */,
				375F88942C5E9BB500E2089D /* Preview Content */,
			);
			path = WeldEngineer;
			sourceTree = "<group>";
		};
		375F88942C5E9BB500E2089D /* Preview Content */ = {
			isa = PBXGroup;
			children = (
				375F88952C5E9BB500E2089D /* Preview Assets.xcassets */,
			);
			path = "Preview Content";
			sourceTree = "<group>";
		};
		375F889E2C5E9BB500E2089D /* WeldEngineerTests */ = {
			isa = PBXGroup;
			children = (
				375F889F2C5E9BB500E2089D /* WeldEngineerTests.swift */,
			);
			path = WeldEngineerTests;
			sourceTree = "<group>";
		};
		375F88A82C5E9BB500E2089D /* WeldEngineerUITests */ = {
			isa = PBXGroup;
			children = (
				375F88A92C5E9BB500E2089D /* WeldEngineerUITests.swift */,
				375F88AB2C5E9BB500E2089D /* WeldEngineerUITestsLaunchTests.swift */,
			);
			path = WeldEngineerUITests;
			sourceTree = "<group>";
		};
/* End PBXGroup section */

/* Begin PBXNativeTarget section */
		375F88892C5E9BB400E2089D /* WeldEngineer */ = {
			isa = PBXNativeTarget;
			buildConfigurationList = 375F88AF2C5E9BB500E2089D /* Build configuration list for PBXNativeTarget "WeldEngineer" */;
			buildPhases = (
				375F88862C5E9BB400E2089D /* Sources */,
				375F88872C5E9BB400E2089D /* Frameworks */,
				375F88882C5E9BB400E2089D /* Resources */,
			);
			buildRules = (
			);
			dependencies = (
			);
			name = WeldEngineer;
			productName = WeldEngineer;
			productReference = 375F888A2C5E9BB400E2089D /* WeldEngineer.app */;
			productType = "com.apple.product-type.application";
		};
		375F889A2C5E9BB500E2089D /* WeldEngineerTests */ = {
			isa = PBXNativeTarget;
			buildConfigurationList = 375F88B22C5E9BB500E2089D /* Build configuration list for PBXNativeTarget "WeldEngineerTests" */;
			buildPhases = (
				375F88972C5E9BB500E2089D /* Sources */,
				375F88982C5E9BB500E2089D /* Frameworks */,
				375F88992C5E9BB500E2089D /* Resources */,
			);
			buildRules = (
			);
			dependencies = (
				375F889D2C5E9BB500E2089D /* PBXTargetDependency */,
			);
			name = WeldEngineerTests;
			productName = WeldEngineerTests;
			productReference = 375F889B2C5E9BB500E2089D /* WeldEngineerTests.xctest */;
			productType = "com.apple.product-type.bundle.unit-test";
		};
		375F88A42C5E9BB500E2089D /* WeldEngineerUITests */ = {
			isa = PBXNativeTarget;
			buildConfigurationList = 375F88B52C5E9BB500E2089D /* Build configuration list for PBXNativeTarget "WeldEngineerUITests" */;
			buildPhases = (
				375F88A12C5E9BB500E2089D /* Sources */,
				375F88A22C5E9BB500E2089D /* Frameworks */,
				375F88A32C5E9BB500E2089D /* Resources */,
			);
			buildRules = (
			);
			dependencies = (
				375F88A72C5E9BB500E2089D /* PBXTargetDependency */,
			);
			name = WeldEngineerUITests;
			productName = WeldEngineerUITests;
			productReference = 375F88A52C5E9BB500E2089D /* WeldEngineerUITests.xctest */;
			productType = "com.apple.product-type.bundle.ui-testing";
		};
/* End PBXNativeTarget section */

/* Begin PBXProject section */
		375F88822C5E9BB400E2089D /* Project object */ = {
			isa = PBXProject;
			attributes = {
				BuildIndependentTargetsInParallel = 1;
				LastSwiftUpdateCheck = 1540;
				LastUpgradeCheck = 1540;
				TargetAttributes = {
					375F88892C5E9BB400E2089D = {
						CreatedOnToolsVersion = 15.4;
					};
					375F889A2C5E9BB500E2089D = {
						CreatedOnToolsVersion = 15.4;
						TestTargetID = 375F88892C5E9BB400E2089D;
					};
					375F88A42C5E9BB500E2089D = {
						CreatedOnToolsVersion = 15.4;
						TestTargetID = 375F88892C5E9BB400E2089D;
					};
				};
			};
			buildConfigurationList = 375F88852C5E9BB400E2089D /* Build configuration list for PBXProject "WeldEngineer" */;
			compatibilityVersion = "Xcode 14.0";
			developmentRegion = en;
			hasScannedForEncodings = 0;
			knownRegions = (
				en,
				Base,
			);
			mainGroup = 375F88812C5E9BB400E2089D;
			productRefGroup = 375F888B2C5E9BB400E2089D /* Products */;
			projectDirPath = "";
			projectRoot = "";
			targets = (
				375F88892C5E9BB400E2089D /* WeldEngineer */,
				375F889A2C5E9BB500E2089D /* WeldEngineerTests */,
				375F88A42C5E9BB500E2089D /* WeldEngineerUITests */,
			);
		};
/* End PBXProject section */

/* Begin PBXResourcesBuildPhase section */
		375F88882C5E9BB400E2089D /* Resources */ = {
			isa = PBXResourcesBuildPhase;
			buildActionMask = 2147483647;
			files = (
				375F88962C5E9BB500E2089D /* Preview Assets.xcassets in Resources */,
				375F88922C5E9BB500E2089D /* Assets.xcassets in Resources */,
			);
			runOnlyForDeploymentPostprocessing = 0;
		};
		375F88992C5E9BB500E2089D /* Resources */ = {
			isa = PBXResourcesBuildPhase;
			buildActionMask = 2147483647;
			files = (
			);
			runOnlyForDeploymentPostprocessing = 0;
		};
		375F88A32C5E9BB500E2089D /* Resources */ = {
			isa = PBXResourcesBuildPhase;
			buildActionMask = 2147483647;
			files = (
			);
			runOnlyForDeploymentPostprocessing = 0;
		};
/* End PBXResourcesBuildPhase section */

/* Begin PBXSourcesBuildPhase section */
		375F88862C5E9BB400E2089D /* Sources */ = {
			isa = PBXSourcesBuildPhase;
			buildActionMask = 2147483647;
			files = (
				375F88902C5E9BB400E2089D /* ContentView.swift in Sources */,
				375F888E2C5E9BB400E2089D /* WeldEngineerApp.swift in Sources */,
			);
			runOnlyForDeploymentPostprocessing = 0;
		};
		375F88972C5E9BB500E2089D /* Sources */ = {
			isa = PBXSourcesBuildPhase;
			buildActionMask = 2147483647;
			files = (
				375F88A02C5E9BB500E2089D /* WeldEngineerTests.swift in Sources */,
			);
			runOnlyForDeploymentPostprocessing = 0;
		};
		375F88A12C5E9BB500E2089D /* Sources */ = {
			isa = PBXSourcesBuildPhase;
			buildActionMask = 2147483647;
			files = (
				375F88AA2C5E9BB500E2089D /* WeldEngineerUITests.swift in Sources */,
				375F88AC2C5E9BB500E2089D /* WeldEngineerUITestsLaunchTests.swift in Sources */,
			);
			runOnlyForDeploymentPostprocessing = 0;
		};
/* End PBXSourcesBuildPhase section */

/* Begin PBXTargetDependency section */
		375F889D2C5E9BB500E2089D /* PBXTargetDependency */ = {
			isa = PBXTargetDependency;
			target = 375F88892C5E9BB400E2089D /* WeldEngineer */;
			targetProxy = 375F889C2C5E9BB500E2089D /* PBXContainerItemProxy */;
		};
		375F88A72C5E9BB500E2089D /* PBXTargetDependency */ = {
			isa = PBXTargetDependency;
			target = 375F88892C5E9BB400E2089D /* WeldEngineer */;
			targetProxy = 375F88A62C5E9BB500E2089D /* PBXContainerItemProxy */;
		};
/* End PBXTargetDependency section */

/* Begin XCBuildConfiguration section */
		375F88AD2C5E9BB500E2089D /* Debug */ = {
			isa = XCBuildConfiguration;
			buildSettings = {
				ALWAYS_SEARCH_USER_PATHS = NO;
				ASSETCATALOG_COMPILER_GENERATE_SWIFT_ASSET_SYMBOL_EXTENSIONS = YES;
				CLANG_ANALYZER_NONNULL = YES;
				CLANG_ANALYZER_NUMBER_OBJECT_CONVERSION = YES_AGGRESSIVE;
				CLANG_CXX_LANGUAGE_STANDARD = "gnu++20";
				CLANG_ENABLE_MODULES = YES;
				CLANG_ENABLE_OBJC_ARC = YES;
				CLANG_ENABLE_OBJC_WEAK = YES;
				CLANG_WARN_BLOCK_CAPTURE_AUTORELEASING = YES;
				CLANG_WARN_BOOL_CONVERSION = YES;
				CLANG_WARN_COMMA = YES;
				CLANG_WARN_CONSTANT_CONVERSION = YES;
				CLANG_WARN_DEPRECATED_OBJC_IMPLEMENTATIONS = YES;
				CLANG_WARN_DIRECT_OBJC_ISA_USAGE = YES_ERROR;
				CLANG_WARN_DOCUMENTATION_COMMENTS = YES;
				CLANG_WARN_EMPTY_BODY = YES;
				CLANG_WARN_ENUM_CONVERSION = YES;
				CLANG_WARN_INFINITE_RECURSION = YES;
				CLANG_WARN_INT_CONVERSION = YES;
				CLANG_WARN_NON_LITERAL_NULL_CONVERSION = YES;
				CLANG_WARN_OBJC_IMPLICIT_RETAIN_SELF = YES;
				CLANG_WARN_OBJC_LITERAL_CONVERSION = YES;
				CLANG_WARN_OBJC_ROOT_CLASS = YES_ERROR;
				CLANG_WARN_QUOTED_INCLUDE_IN_FRAMEWORK_HEADER = YES;
				CLANG_WARN_RANGE_LOOP_ANALYSIS = YES;
				CLANG_WARN_STRICT_PROTOTYPES = YES;
				CLANG_WARN_SUSPICIOUS_MOVE = YES;
				CLANG_WARN_UNGUARDED_AVAILABILITY = YES_AGGRESSIVE;
				CLANG_WARN_UNREACHABLE_CODE = YES;
				CLANG_WARN__DUPLICATE_METHOD_MATCH = YES;
				COPY_PHASE_STRIP = NO;
				DEBUG_INFORMATION_FORMAT = dwarf;
				ENABLE_STRICT_OBJC_MSGSEND = YES;
				ENABLE_TESTABILITY = YES;
				ENABLE_USER_SCRIPT_SANDBOXING = YES;
				GCC_C_LANGUAGE_STANDARD = gnu17;
				GCC_DYNAMIC_NO_PIC = NO;
				GCC_NO_COMMON_BLOCKS = YES;
				GCC_OPTIMIZATION_LEVEL = 0;
				GCC_PREPROCESSOR_DEFINITIONS = (
					"DEBUG=1",
					"$(inherited)",
				);
				GCC_WARN_64_TO_32_BIT_CONVERSION = YES;
				GCC_WARN_ABOUT_RETURN_TYPE = YES_ERROR;
				GCC_WARN_UNDECLARED_SELECTOR = YES;
				GCC_WARN_UNINITIALIZED_AUTOS = YES_AGGRESSIVE;
				GCC_WARN_UNUSED_FUNCTION = YES;
				GCC_WARN_UNUSED_VARIABLE = YES;
				LOCALIZATION_PREFERS_STRING_CATALOGS = YES;
				MTL_ENABLE_DEBUG_INFO = INCLUDE_SOURCE;
				MTL_FAST_MATH = YES;
				ONLY_ACTIVE_ARCH = YES;
				SWIFT_ACTIVE_COMPILATION_CONDITIONS = "DEBUG $(inherited)";
				SWIFT_OPTIMIZATION_LEVEL = "-Onone";
			};
			name = Debug;
		};
		375F88AE2C5E9BB500E2089D /* Release */ = {
			isa = XCBuildConfiguration;
			buildSettings = {
				ALWAYS_SEARCH_USER_PATHS = NO;
				ASSETCATALOG_COMPILER_GENERATE_SWIFT_ASSET_SYMBOL_EXTENSIONS = YES;
				CLANG_ANALYZER_NONNULL = YES;
				CLANG_ANALYZER_NUMBER_OBJECT_CONVERSION = YES_AGGRESSIVE;
				CLANG_CXX_LANGUAGE_STANDARD = "gnu++20";
				CLANG_ENABLE_MODULES = YES;
				CLANG_ENABLE_OBJC_ARC = YES;
				CLANG_ENABLE_OBJC_WEAK = YES;
				CLANG_WARN_BLOCK_CAPTURE_AUTORELEASING = YES;
				CLANG_WARN_BOOL_CONVERSION = YES;
				CLANG_WARN_COMMA = YES;
				CLANG_WARN_CONSTANT_CONVERSION = YES;
				CLANG_WARN_DEPRECATED_OBJC_IMPLEMENTATIONS = YES;
				CLANG_WARN_DIRECT_OBJC_ISA_USAGE = YES_ERROR;
				CLANG_WARN_DOCUMENTATION_COMMENTS = YES;
				CLANG_WARN_EMPTY_BODY = YES;
				CLANG_WARN_ENUM_CONVERSION = YES;
				CLANG_WARN_INFINITE_RECURSION = YES;
				CLANG_WARN_INT_CONVERSION = YES;
				CLANG_WARN_NON_LITERAL_NULL_CONVERSION = YES;
				CLANG_WARN_OBJC_IMPLICIT_RETAIN_SELF = YES;
				CLANG_WARN_OBJC_LITERAL_CONVERSION = YES;
				CLANG_WARN_OBJC_ROOT_CLASS = YES_ERROR;
				CLANG_WARN_QUOTED_INCLUDE_IN_FRAMEWORK_HEADER = YES;
				CLANG_WARN_RANGE_LOOP_ANALYSIS = YES;
				CLANG_WARN_STRICT_PROTOTYPES = YES;
				CLANG_WARN_SUSPICIOUS_MOVE = YES;
				CLANG_WARN_UNGUARDED_AVAILABILITY = YES_AGGRESSIVE;
				CLANG_WARN_UNREACHABLE_CODE = YES;
				CLANG_WARN__DUPLICATE_METHOD_MATCH = YES;
				COPY_PHASE_STRIP = NO;
				DEBUG_INFORMATION_FORMAT = "dwarf-with-dsym";
				ENABLE_NS_ASSERTIONS = NO;
				ENABLE_STRICT_OBJC_MSGSEND = YES;
				ENABLE_USER_SCRIPT_SANDBOXING = YES;
				GCC_C_LANGUAGE_STANDARD = gnu17;
				GCC_NO_COMMON_BLOCKS = YES;
				GCC_WARN_64_TO_32_BIT_CONVERSION = YES;
				GCC_WARN_ABOUT_RETURN_TYPE = YES_ERROR;
				GCC_WARN_UNDECLARED_SELECTOR = YES;
				GCC_WARN_UNINITIALIZED_AUTOS = YES_AGGRESSIVE;
				GCC_WARN_UNUSED_FUNCTION = YES;
				GCC_WARN_UNUSED_VARIABLE = YES;
				LOCALIZATION_PREFERS_STRING_CATALOGS = YES;
				MTL_ENABLE_DEBUG_INFO = NO;
				MTL_FAST_MATH = YES;
				SWIFT_COMPILATION_MODE = wholemodule;
			};
			name = Release;
		};
		375F88B02C5E9BB500E2089D /* Debug */ = {
			isa = XCBuildConfiguration;
			buildSettings = {
				ASSETCATALOG_COMPILER_APPICON_NAME = AppIcon;
				ASSETCATALOG_COMPILER_GLOBAL_ACCENT_COLOR_NAME = AccentColor;
				CODE_SIGN_ENTITLEMENTS = WeldEngineer/WeldEngineer.entitlements;
				CODE_SIGN_STYLE = Automatic;
				CURRENT_PROJECT_VERSION = 1;
				DEVELOPMENT_ASSET_PATHS = "\"WeldEngineer/Preview Content\"";
				DEVELOPMENT_TEAM = 99S33YCFRB;
				ENABLE_HARDENED_RUNTIME = YES;
				ENABLE_PREVIEWS = YES;
				GENERATE_INFOPLIST_FILE = YES;
				"INFOPLIST_KEY_UIApplicationSceneManifest_Generation[sdk=iphoneos*]" = YES;
				"INFOPLIST_KEY_UIApplicationSceneManifest_Generation[sdk=iphonesimulator*]" = YES;
				"INFOPLIST_KEY_UIApplicationSupportsIndirectInputEvents[sdk=iphoneos*]" = YES;
				"INFOPLIST_KEY_UIApplicationSupportsIndirectInputEvents[sdk=iphonesimulator*]" = YES;
				"INFOPLIST_KEY_UILaunchScreen_Generation[sdk=iphoneos*]" = YES;
				"INFOPLIST_KEY_UILaunchScreen_Generation[sdk=iphonesimulator*]" = YES;
				"INFOPLIST_KEY_UIStatusBarStyle[sdk=iphoneos*]" = UIStatusBarStyleDefault;
				"INFOPLIST_KEY_UIStatusBarStyle[sdk=iphonesimulator*]" = UIStatusBarStyleDefault;
				INFOPLIST_KEY_UISupportedInterfaceOrientations_iPad = "UIInterfaceOrientationPortrait UIInterfaceOrientationPortraitUpsideDown UIInterfaceOrientationLandscapeLeft UIInterfaceOrientationLandscapeRight";
				INFOPLIST_KEY_UISupportedInterfaceOrientations_iPhone = "UIInterfaceOrientationPortrait UIInterfaceOrientationLandscapeLeft UIInterfaceOrientationLandscapeRight";
				IPHONEOS_DEPLOYMENT_TARGET = 17.5;
				LD_RUNPATH_SEARCH_PATHS = "@executable_path/Frameworks";
				"LD_RUNPATH_SEARCH_PATHS[sdk=macosx*]" = "@executable_path/../Frameworks";
				MACOSX_DEPLOYMENT_TARGET = 14.5;
				MARKETING_VERSION = 1.0;
				PRODUCT_BUNDLE_IDENTIFIER = com.tnt.WeldEngineer;
				PRODUCT_NAME = "$(TARGET_NAME)";
				SDKROOT = auto;
				SUPPORTED_PLATFORMS = "iphoneos iphonesimulator macosx";
				SWIFT_EMIT_LOC_STRINGS = YES;
				SWIFT_VERSION = 5.0;
				TARGETED_DEVICE_FAMILY = "1,2";
			};
			name = Debug;
		};
		375F88B12C5E9BB500E2089D /* Release */ = {
			isa = XCBuildConfiguration;
			buildSettings = {
				ASSETCATALOG_COMPILER_APPICON_NAME = AppIcon;
				ASSETCATALOG_COMPILER_GLOBAL_ACCENT_COLOR_NAME = AccentColor;
				CODE_SIGN_ENTITLEMENTS = WeldEngineer/WeldEngineer.entitlements;
				CODE_SIGN_STYLE = Automatic;
				CURRENT_PROJECT_VERSION = 1;
				DEVELOPMENT_ASSET_PATHS = "\"WeldEngineer/Preview Content\"";
				DEVELOPMENT_TEAM = 99S33YCFRB;
				ENABLE_HARDENED_RUNTIME = YES;
				ENABLE_PREVIEWS = YES;
				GENERATE_INFOPLIST_FILE = YES;
				"INFOPLIST_KEY_UIApplicationSceneManifest_Generation[sdk=iphoneos*]" = YES;
				"INFOPLIST_KEY_UIApplicationSceneManifest_Generation[sdk=iphonesimulator*]" = YES;
				"INFOPLIST_KEY_UIApplicationSupportsIndirectInputEvents[sdk=iphoneos*]" = YES;
				"INFOPLIST_KEY_UIApplicationSupportsIndirectInputEvents[sdk=iphonesimulator*]" = YES;
				"INFOPLIST_KEY_UILaunchScreen_Generation[sdk=iphoneos*]" = YES;
				"INFOPLIST_KEY_UILaunchScreen_Generation[sdk=iphonesimulator*]" = YES;
				"INFOPLIST_KEY_UIStatusBarStyle[sdk=iphoneos*]" = UIStatusBarStyleDefault;
				"INFOPLIST_KEY_UIStatusBarStyle[sdk=iphonesimulator*]" = UIStatusBarStyleDefault;
				INFOPLIST_KEY_UISupportedInterfaceOrientations_iPad = "UIInterfaceOrientationPortrait UIInterfaceOrientationPortraitUpsideDown UIInterfaceOrientationLandscapeLeft UIInterfaceOrientationLandscapeRight";
				INFOPLIST_KEY_UISupportedInterfaceOrientations_iPhone = "UIInterfaceOrientationPortrait UIInterfaceOrientationLandscapeLeft UIInterfaceOrientationLandscapeRight";
				IPHONEOS_DEPLOYMENT_TARGET = 17.5;
				LD_RUNPATH_SEARCH_PATHS = "@executable_path/Frameworks";
				"LD_RUNPATH_SEARCH_PATHS[sdk=macosx*]" = "@executable_path/../Frameworks";
				MACOSX_DEPLOYMENT_TARGET = 14.5;
				MARKETING_VERSION = 1.0;
				PRODUCT_BUNDLE_IDENTIFIER = com.tnt.WeldEngineer;
				PRODUCT_NAME = "$(TARGET_NAME)";
				SDKROOT = auto;
				SUPPORTED_PLATFORMS = "iphoneos iphonesimulator macosx";
				SWIFT_EMIT_LOC_STRINGS = YES;
				SWIFT_VERSION = 5.0;
				TARGETED_DEVICE_FAMILY = "1,2";
			};
			name = Release;
		};
		375F88B32C5E9BB500E2089D /* Debug */ = {
			isa = XCBuildConfiguration;
			buildSettings = {
				ALWAYS_EMBED_SWIFT_STANDARD_LIBRARIES = YES;
				BUNDLE_LOADER = "$(TEST_HOST)";
				CODE_SIGN_STYLE = Automatic;
				CURRENT_PROJECT_VERSION = 1;
				DEVELOPMENT_TEAM = 99S33YCFRB;
				GENERATE_INFOPLIST_FILE = YES;
				IPHONEOS_DEPLOYMENT_TARGET = 17.5;
				MACOSX_DEPLOYMENT_TARGET = 14.5;
				MARKETING_VERSION = 1.0;
				PRODUCT_BUNDLE_IDENTIFIER = com.tnt.WeldEngineerTests;
				PRODUCT_NAME = "$(TARGET_NAME)";
				SDKROOT = auto;
				SUPPORTED_PLATFORMS = "iphoneos iphonesimulator macosx";
				SWIFT_EMIT_LOC_STRINGS = NO;
				SWIFT_VERSION = 5.0;
				TARGETED_DEVICE_FAMILY = "1,2";
				TEST_HOST = "$(BUILT_PRODUCTS_DIR)/WeldEngineer.app/$(BUNDLE_EXECUTABLE_FOLDER_PATH)/WeldEngineer";
			};
			name = Debug;
		};
		375F88B42C5E9BB500E2089D /* Release */ = {
			isa = XCBuildConfiguration;
			buildSettings = {
				ALWAYS_EMBED_SWIFT_STANDARD_LIBRARIES = YES;
				BUNDLE_LOADER = "$(TEST_HOST)";
				CODE_SIGN_STYLE = Automatic;
				CURRENT_PROJECT_VERSION = 1;
				DEVELOPMENT_TEAM = 99S33YCFRB;
				GENERATE_INFOPLIST_FILE = YES;
				IPHONEOS_DEPLOYMENT_TARGET = 17.5;
				MACOSX_DEPLOYMENT_TARGET = 14.5;
				MARKETING_VERSION = 1.0;
				PRODUCT_BUNDLE_IDENTIFIER = com.tnt.WeldEngineerTests;
				PRODUCT_NAME = "$(TARGET_NAME)";
				SDKROOT = auto;
				SUPPORTED_PLATFORMS = "iphoneos iphonesimulator macosx";
				SWIFT_EMIT_LOC_STRINGS = NO;
				SWIFT_VERSION = 5.0;
				TARGETED_DEVICE_FAMILY = "1,2";
				TEST_HOST = "$(BUILT_PRODUCTS_DIR)/WeldEngineer.app/$(BUNDLE_EXECUTABLE_FOLDER_PATH)/WeldEngineer";
			};
			name = Release;
		};
		375F88B62C5E9BB500E2089D /* Debug */ = {
			isa = XCBuildConfiguration;
			buildSettings = {
				ALWAYS_EMBED_SWIFT_STANDARD_LIBRARIES = YES;
				CODE_SIGN_STYLE = Automatic;
				CURRENT_PROJECT_VERSION = 1;
				DEVELOPMENT_TEAM = 99S33YCFRB;
				GENERATE_INFOPLIST_FILE = YES;
				IPHONEOS_DEPLOYMENT_TARGET = 17.5;
				MACOSX_DEPLOYMENT_TARGET = 14.5;
				MARKETING_VERSION = 1.0;
				PRODUCT_BUNDLE_IDENTIFIER = com.tnt.WeldEngineerUITests;
				PRODUCT_NAME = "$(TARGET_NAME)";
				SDKROOT = auto;
				SUPPORTED_PLATFORMS = "iphoneos iphonesimulator macosx";
				SWIFT_EMIT_LOC_STRINGS = NO;
				SWIFT_VERSION = 5.0;
				TARGETED_DEVICE_FAMILY = "1,2";
				TEST_TARGET_NAME = WeldEngineer;
			};
			name = Debug;
		};
		375F88B72C5E9BB500E2089D /* Release */ = {
			isa = XCBuildConfiguration;
			buildSettings = {
				ALWAYS_EMBED_SWIFT_STANDARD_LIBRARIES = YES;
				CODE_SIGN_STYLE = Automatic;
				CURRENT_PROJECT_VERSION = 1;
				DEVELOPMENT_TEAM = 99S33YCFRB;
				GENERATE_INFOPLIST_FILE = YES;
				IPHONEOS_DEPLOYMENT_TARGET = 17.5;
				MACOSX_DEPLOYMENT_TARGET = 14.5;
				MARKETING_VERSION = 1.0;
				PRODUCT_BUNDLE_IDENTIFIER = com.tnt.WeldEngineerUITests;
				PRODUCT_NAME = "$(TARGET_NAME)";
				SDKROOT = auto;
				SUPPORTED_PLATFORMS = "iphoneos iphonesimulator macosx";
				SWIFT_EMIT_LOC_STRINGS = NO;
				SWIFT_VERSION = 5.0;
				TARGETED_DEVICE_FAMILY = "1,2";
				TEST_TARGET_NAME = WeldEngineer;
			};
			name = Release;
		};
/* End XCBuildConfiguration section */

/* Begin XCConfigurationList section */
		375F88852C5E9BB400E2089D /* Build configuration list for PBXProject "WeldEngineer" */ = {
			isa = XCConfigurationList;
			buildConfigurations = (
				375F88AD2C5E9BB500E2089D /* Debug */,
				375F88AE2C5E9BB500E2089D /* Release */,
			);
			defaultConfigurationIsVisible = 0;
			defaultConfigurationName = Release;
		};
		375F88AF2C5E9BB500E2089D /* Build configuration list for PBXNativeTarget "WeldEngineer" */ = {
			isa = XCConfigurationList;
			buildConfigurations = (
				375F88B02C5E9BB500E2089D /* Debug */,
				375F88B12C5E9BB500E2089D /* Release */,
			);
			defaultConfigurationIsVisible = 0;
			defaultConfigurationName = Release;
		};
		375F88B22C5E9BB500E2089D /* Build configuration list for PBXNativeTarget "WeldEngineerTests" */ = {
			isa = XCConfigurationList;
			buildConfigurations = (
				375F88B32C5E9BB500E2089D /* Debug */,
				375F88B42C5E9BB500E2089D /* Release */,
			);
			defaultConfigurationIsVisible = 0;
			defaultConfigurationName = Release;
		};
		375F88B52C5E9BB500E2089D /* Build configuration list for PBXNativeTarget "WeldEngineerUITests" */ = {
			isa = XCConfigurationList;
			buildConfigurations = (
				375F88B62C5E9BB500E2089D /* Debug */,
				375F88B72C5E9BB500E2089D /* Release */,
			);
			defaultConfigurationIsVisible = 0;
			defaultConfigurationName = Release;
		};
/* End XCConfigurationList section */
	};
	rootObject = 375F88822C5E9BB400E2089D /* Project object */;
}
